// !$*UTF8*$!
{
	archiveVersion = 1;
	classes = {
	};
	objectVersion = 46;
	objects = {

/* Begin PBXBuildFile section */
		79664F1E1C8747D60019F1BE /* RxCocoa.framework in Frameworks */ = {isa = PBXBuildFile; fileRef = 79664F1B1C8747D60019F1BE /* RxCocoa.framework */; };
		79664F1F1C8747D60019F1BE /* RxSwift.framework in Frameworks */ = {isa = PBXBuildFile; fileRef = 79664F1C1C8747D60019F1BE /* RxSwift.framework */; };
		79664F201C8747D60019F1BE /* Swiftz.framework in Frameworks */ = {isa = PBXBuildFile; fileRef = 79664F1D1C8747D60019F1BE /* Swiftz.framework */; };
		79D99BB41C8348C70015131E /* AppDelegate.swift in Sources */ = {isa = PBXBuildFile; fileRef = 79D99BB31C8348C70015131E /* AppDelegate.swift */; };
		79D99BB61C8348C70015131E /* ViewController.swift in Sources */ = {isa = PBXBuildFile; fileRef = 79D99BB51C8348C70015131E /* ViewController.swift */; };
		79D99BB91C8348C70015131E /* Main.storyboard in Resources */ = {isa = PBXBuildFile; fileRef = 79D99BB71C8348C70015131E /* Main.storyboard */; };
		79D99BBB1C8348C70015131E /* Assets.xcassets in Resources */ = {isa = PBXBuildFile; fileRef = 79D99BBA1C8348C70015131E /* Assets.xcassets */; };
		79D99BBE1C8348C70015131E /* LaunchScreen.storyboard in Resources */ = {isa = PBXBuildFile; fileRef = 79D99BBC1C8348C70015131E /* LaunchScreen.storyboard */; };
/* End PBXBuildFile section */

/* Begin PBXContainerItemProxy section */
		79D99BC51C8348C70015131E /* PBXContainerItemProxy */ = {
			isa = PBXContainerItemProxy;
			containerPortal = 79D99BA81C8348C70015131E /* Project object */;
			proxyType = 1;
			remoteGlobalIDString = 79D99BAF1C8348C70015131E;
			remoteInfo = Pastel;
		};
/* End PBXContainerItemProxy section */

/* Begin PBXFileReference section */
		79664F1B1C8747D60019F1BE /* RxCocoa.framework */ = {isa = PBXFileReference; lastKnownFileType = wrapper.framework; name = RxCocoa.framework; path = Carthage/Build/iOS/RxCocoa.framework; sourceTree = "<group>"; };
		79664F1C1C8747D60019F1BE /* RxSwift.framework */ = {isa = PBXFileReference; lastKnownFileType = wrapper.framework; name = RxSwift.framework; path = Carthage/Build/iOS/RxSwift.framework; sourceTree = "<group>"; };
		79664F1D1C8747D60019F1BE /* Swiftz.framework */ = {isa = PBXFileReference; lastKnownFileType = wrapper.framework; name = Swiftz.framework; path = Carthage/Build/iOS/Swiftz.framework; sourceTree = "<group>"; };
		79D99BB01C8348C70015131E /* Pastel.app */ = {isa = PBXFileReference; explicitFileType = wrapper.application; includeInIndex = 0; path = Pastel.app; sourceTree = BUILT_PRODUCTS_DIR; };
		79D99BB31C8348C70015131E /* AppDelegate.swift */ = {isa = PBXFileReference; lastKnownFileType = sourcecode.swift; path = AppDelegate.swift; sourceTree = "<group>"; };
		79D99BB51C8348C70015131E /* ViewController.swift */ = {isa = PBXFileReference; lastKnownFileType = sourcecode.swift; path = ViewController.swift; sourceTree = "<group>"; };
		79D99BB81C8348C70015131E /* Base */ = {isa = PBXFileReference; lastKnownFileType = file.storyboard; name = Base; path = Base.lproj/Main.storyboard; sourceTree = "<group>"; };
		79D99BBA1C8348C70015131E /* Assets.xcassets */ = {isa = PBXFileReference; lastKnownFileType = folder.assetcatalog; path = Assets.xcassets; sourceTree = "<group>"; };
		79D99BBD1C8348C70015131E /* Base */ = {isa = PBXFileReference; lastKnownFileType = file.storyboard; name = Base; path = Base.lproj/LaunchScreen.storyboard; sourceTree = "<group>"; };
		79D99BBF1C8348C70015131E /* Info.plist */ = {isa = PBXFileReference; lastKnownFileType = text.plist.xml; path = Info.plist; sourceTree = "<group>"; };
		79D99BC41C8348C70015131E /* PastelTests.xctest */ = {isa = PBXFileReference; explicitFileType = wrapper.cfbundle; includeInIndex = 0; path = PastelTests.xctest; sourceTree = BUILT_PRODUCTS_DIR; };
		79D99BCA1C8348C70015131E /* Info.plist */ = {isa = PBXFileReference; lastKnownFileType = text.plist.xml; path = Info.plist; sourceTree = "<group>"; };
/* End PBXFileReference section */

/* Begin PBXFrameworksBuildPhase section */
		79D99BAD1C8348C70015131E /* Frameworks */ = {
			isa = PBXFrameworksBuildPhase;
			buildActionMask = 2147483647;
			files = (
				79664F1F1C8747D60019F1BE /* RxSwift.framework in Frameworks */,
				79664F1E1C8747D60019F1BE /* RxCocoa.framework in Frameworks */,
				79664F201C8747D60019F1BE /* Swiftz.framework in Frameworks */,
			);
			runOnlyForDeploymentPostprocessing = 0;
		};
		79D99BC11C8348C70015131E /* Frameworks */ = {
			isa = PBXFrameworksBuildPhase;
			buildActionMask = 2147483647;
			files = (
			);
			runOnlyForDeploymentPostprocessing = 0;
		};
/* End PBXFrameworksBuildPhase section */

/* Begin PBXGroup section */
		79664F1A1C8747C40019F1BE /* Frameworks */ = {
			isa = PBXGroup;
			children = (
				79664F1B1C8747D60019F1BE /* RxCocoa.framework */,
				79664F1C1C8747D60019F1BE /* RxSwift.framework */,
				79664F1D1C8747D60019F1BE /* Swiftz.framework */,
			);
			name = Frameworks;
			sourceTree = "<group>";
		};
		79D99BA71C8348C70015131E = {
			isa = PBXGroup;
			children = (
				79664F1A1C8747C40019F1BE /* Frameworks */,
				79D99BB21C8348C70015131E /* Pastel */,
				79D99BC71C8348C70015131E /* PastelTests */,
				79D99BB11C8348C70015131E /* Products */,
			);
			sourceTree = "<group>";
		};
		79D99BB11C8348C70015131E /* Products */ = {
			isa = PBXGroup;
			children = (
				79D99BB01C8348C70015131E /* Pastel.app */,
				79D99BC41C8348C70015131E /* PastelTests.xctest */,
			);
			name = Products;
			sourceTree = "<group>";
		};
		79D99BB21C8348C70015131E /* Pastel */ = {
			isa = PBXGroup;
			children = (
				79D99BB31C8348C70015131E /* AppDelegate.swift */,
				79D99BB51C8348C70015131E /* ViewController.swift */,
				79D99BB71C8348C70015131E /* Main.storyboard */,
				79D99BBA1C8348C70015131E /* Assets.xcassets */,
				79D99BBC1C8348C70015131E /* LaunchScreen.storyboard */,
				79D99BBF1C8348C70015131E /* Info.plist */,
			);
			path = Pastel;
			sourceTree = "<group>";
		};
		79D99BC71C8348C70015131E /* PastelTests */ = {
			isa = PBXGroup;
			children = (
				79D99BCA1C8348C70015131E /* Info.plist */,
			);
			path = PastelTests;
			sourceTree = "<group>";
		};
/* End PBXGroup section */

/* Begin PBXNativeTarget section */
		79D99BAF1C8348C70015131E /* Pastel */ = {
			isa = PBXNativeTarget;
			buildConfigurationList = 79D99BCD1C8348C70015131E /* Build configuration list for PBXNativeTarget "Pastel" */;
			buildPhases = (
				79D99BAC1C8348C70015131E /* Sources */,
				79D99BAD1C8348C70015131E /* Frameworks */,
				79D99BAE1C8348C70015131E /* Resources */,
				79664F121C8747080019F1BE /* [Run Script - Carthage] Copy Frameworks */,
				79664F131C87471D0019F1BE /* [Run Script - Swiftlint] Lint */,
			);
			buildRules = (
			);
			dependencies = (
			);
			name = Pastel;
			productName = Pastel;
			productReference = 79D99BB01C8348C70015131E /* Pastel.app */;
			productType = "com.apple.product-type.application";
		};
		79D99BC31C8348C70015131E /* PastelTests */ = {
			isa = PBXNativeTarget;
			buildConfigurationList = 79D99BD01C8348C70015131E /* Build configuration list for PBXNativeTarget "PastelTests" */;
			buildPhases = (
				79D99BC01C8348C70015131E /* Sources */,
				79D99BC11C8348C70015131E /* Frameworks */,
				79D99BC21C8348C70015131E /* Resources */,
			);
			buildRules = (
			);
			dependencies = (
				79D99BC61C8348C70015131E /* PBXTargetDependency */,
			);
			name = PastelTests;
			productName = PastelTests;
			productReference = 79D99BC41C8348C70015131E /* PastelTests.xctest */;
			productType = "com.apple.product-type.bundle.unit-test";
		};
/* End PBXNativeTarget section */

/* Begin PBXProject section */
		79D99BA81C8348C70015131E /* Project object */ = {
			isa = PBXProject;
			attributes = {
				LastSwiftUpdateCheck = 0720;
				LastUpgradeCheck = 0720;
				ORGANIZATIONNAME = "Sendy Halim";
				TargetAttributes = {
					79D99BAF1C8348C70015131E = {
						CreatedOnToolsVersion = 7.2.1;
						DevelopmentTeam = 4QCP9AS6BP;
					};
					79D99BC31C8348C70015131E = {
						CreatedOnToolsVersion = 7.2.1;
						DevelopmentTeam = 4QCP9AS6BP;
						TestTargetID = 79D99BAF1C8348C70015131E;
					};
				};
			};
			buildConfigurationList = 79D99BAB1C8348C70015131E /* Build configuration list for PBXProject "Pastel" */;
			compatibilityVersion = "Xcode 3.2";
			developmentRegion = English;
			hasScannedForEncodings = 0;
			knownRegions = (
				en,
				Base,
			);
			mainGroup = 79D99BA71C8348C70015131E;
			productRefGroup = 79D99BB11C8348C70015131E /* Products */;
			projectDirPath = "";
			projectRoot = "";
			targets = (
				79D99BAF1C8348C70015131E /* Pastel */,
				79D99BC31C8348C70015131E /* PastelTests */,
			);
		};
/* End PBXProject section */

/* Begin PBXResourcesBuildPhase section */
		79D99BAE1C8348C70015131E /* Resources */ = {
			isa = PBXResourcesBuildPhase;
			buildActionMask = 2147483647;
			files = (
				79D99BBE1C8348C70015131E /* LaunchScreen.storyboard in Resources */,
				79D99BBB1C8348C70015131E /* Assets.xcassets in Resources */,
				79D99BB91C8348C70015131E /* Main.storyboard in Resources */,
			);
			runOnlyForDeploymentPostprocessing = 0;
		};
		79D99BC21C8348C70015131E /* Resources */ = {
			isa = PBXResourcesBuildPhase;
			buildActionMask = 2147483647;
			files = (
			);
			runOnlyForDeploymentPostprocessing = 0;
		};
/* End PBXResourcesBuildPhase section */

/* Begin PBXShellScriptBuildPhase section */
		79664F121C8747080019F1BE /* [Run Script - Carthage] Copy Frameworks */ = {
			isa = PBXShellScriptBuildPhase;
			buildActionMask = 2147483647;
			files = (
			);
			inputPaths = (
				"$(SRCROOT)/Carthage/Build/iOS/RxSwift.framework",
				"$(SRCROOT)/Carthage/Build/iOS/RxCocoa.framework",
				"$(SRCROOT)/Carthage/Build/iOS/Swiftz.framework",
			);
			name = "[Run Script - Carthage] Copy Frameworks";
			outputPaths = (
			);
			runOnlyForDeploymentPostprocessing = 0;
			shellPath = /bin/sh;
			shellScript = "/usr/local/bin/carthage copy-frameworks";
		};
		79664F131C87471D0019F1BE /* [Run Script - Swiftlint] Lint */ = {
			isa = PBXShellScriptBuildPhase;
			buildActionMask = 2147483647;
			files = (
			);
			inputPaths = (
			);
			name = "[Run Script - Swiftlint] Lint";
			outputPaths = (
			);
			runOnlyForDeploymentPostprocessing = 0;
			shellPath = /bin/sh;
			shellScript = "if which swiftlint >/dev/null; then\n    swiftlint\nelse\n    echo \"warning: SwiftLint not installed, download from https://github.com/realm/SwiftLint\"\nfi";
		};
/* End PBXShellScriptBuildPhase section */

/* Begin PBXSourcesBuildPhase section */
		79D99BAC1C8348C70015131E /* Sources */ = {
			isa = PBXSourcesBuildPhase;
			buildActionMask = 2147483647;
			files = (
				79D99BB61C8348C70015131E /* ViewController.swift in Sources */,
				79D99BB41C8348C70015131E /* AppDelegate.swift in Sources */,
			);
			runOnlyForDeploymentPostprocessing = 0;
		};
		79D99BC01C8348C70015131E /* Sources */ = {
			isa = PBXSourcesBuildPhase;
			buildActionMask = 2147483647;
			files = (
			);
			runOnlyForDeploymentPostprocessing = 0;
		};
/* End PBXSourcesBuildPhase section */

/* Begin PBXTargetDependency section */
		79D99BC61C8348C70015131E /* PBXTargetDependency */ = {
			isa = PBXTargetDependency;
			target = 79D99BAF1C8348C70015131E /* Pastel */;
			targetProxy = 79D99BC51C8348C70015131E /* PBXContainerItemProxy */;
		};
/* End PBXTargetDependency section */

/* Begin PBXVariantGroup section */
		79D99BB71C8348C70015131E /* Main.storyboard */ = {
			isa = PBXVariantGroup;
			children = (
				79D99BB81C8348C70015131E /* Base */,
			);
			name = Main.storyboard;
			sourceTree = "<group>";
		};
		79D99BBC1C8348C70015131E /* LaunchScreen.storyboard */ = {
			isa = PBXVariantGroup;
			children = (
				79D99BBD1C8348C70015131E /* Base */,
			);
			name = LaunchScreen.storyboard;
			sourceTree = "<group>";
		};
/* End PBXVariantGroup section */

/* Begin XCBuildConfiguration section */
		79D99BCB1C8348C70015131E /* Debug */ = {
			isa = XCBuildConfiguration;
			buildSettings = {
				ALWAYS_SEARCH_USER_PATHS = NO;
				CLANG_CXX_LANGUAGE_STANDARD = "gnu++0x";
				CLANG_CXX_LIBRARY = "libc++";
				CLANG_ENABLE_MODULES = YES;
				CLANG_ENABLE_OBJC_ARC = YES;
				CLANG_WARN_BOOL_CONVERSION = YES;
				CLANG_WARN_CONSTANT_CONVERSION = YES;
				CLANG_WARN_DIRECT_OBJC_ISA_USAGE = YES_ERROR;
				CLANG_WARN_EMPTY_BODY = YES;
				CLANG_WARN_ENUM_CONVERSION = YES;
				CLANG_WARN_INT_CONVERSION = YES;
				CLANG_WARN_OBJC_ROOT_CLASS = YES_ERROR;
				CLANG_WARN_UNREACHABLE_CODE = YES;
				CLANG_WARN__DUPLICATE_METHOD_MATCH = YES;
				"CODE_SIGN_IDENTITY[sdk=iphoneos*]" = "iPhone Developer";
				COPY_PHASE_STRIP = NO;
				DEBUG_INFORMATION_FORMAT = dwarf;
				ENABLE_STRICT_OBJC_MSGSEND = YES;
				ENABLE_TESTABILITY = YES;
				GCC_C_LANGUAGE_STANDARD = gnu99;
				GCC_DYNAMIC_NO_PIC = NO;
				GCC_NO_COMMON_BLOCKS = YES;
				GCC_OPTIMIZATION_LEVEL = 0;
				GCC_PREPROCESSOR_DEFINITIONS = (
					"DEBUG=1",
					"$(inherited)",
				);
				GCC_WARN_64_TO_32_BIT_CONVERSION = YES;
				GCC_WARN_ABOUT_RETURN_TYPE = YES_ERROR;
				GCC_WARN_UNDECLARED_SELECTOR = YES;
				GCC_WARN_UNINITIALIZED_AUTOS = YES_AGGRESSIVE;
				GCC_WARN_UNUSED_FUNCTION = YES;
				GCC_WARN_UNUSED_VARIABLE = YES;
				IPHONEOS_DEPLOYMENT_TARGET = 9.2;
				MTL_ENABLE_DEBUG_INFO = YES;
				ONLY_ACTIVE_ARCH = YES;
				SDKROOT = iphoneos;
				SWIFT_OPTIMIZATION_LEVEL = "-Onone";
				TARGETED_DEVICE_FAMILY = "1,2";
			};
			name = Debug;
		};
		79D99BCC1C8348C70015131E /* Release */ = {
			isa = XCBuildConfiguration;
			buildSettings = {
				ALWAYS_SEARCH_USER_PATHS = NO;
				CLANG_CXX_LANGUAGE_STANDARD = "gnu++0x";
				CLANG_CXX_LIBRARY = "libc++";
				CLANG_ENABLE_MODULES = YES;
				CLANG_ENABLE_OBJC_ARC = YES;
				CLANG_WARN_BOOL_CONVERSION = YES;
				CLANG_WARN_CONSTANT_CONVERSION = YES;
				CLANG_WARN_DIRECT_OBJC_ISA_USAGE = YES_ERROR;
				CLANG_WARN_EMPTY_BODY = YES;
				CLANG_WARN_ENUM_CONVERSION = YES;
				CLANG_WARN_INT_CONVERSION = YES;
				CLANG_WARN_OBJC_ROOT_CLASS = YES_ERROR;
				CLANG_WARN_UNREACHABLE_CODE = YES;
				CLANG_WARN__DUPLICATE_METHOD_MATCH = YES;
				"CODE_SIGN_IDENTITY[sdk=iphoneos*]" = "iPhone Developer";
				COPY_PHASE_STRIP = NO;
				DEBUG_INFORMATION_FORMAT = "dwarf-with-dsym";
				ENABLE_NS_ASSERTIONS = NO;
				ENABLE_STRICT_OBJC_MSGSEND = YES;
				GCC_C_LANGUAGE_STANDARD = gnu99;
				GCC_NO_COMMON_BLOCKS = YES;
				GCC_WARN_64_TO_32_BIT_CONVERSION = YES;
				GCC_WARN_ABOUT_RETURN_TYPE = YES_ERROR;
				GCC_WARN_UNDECLARED_SELECTOR = YES;
				GCC_WARN_UNINITIALIZED_AUTOS = YES_AGGRESSIVE;
				GCC_WARN_UNUSED_FUNCTION = YES;
				GCC_WARN_UNUSED_VARIABLE = YES;
				IPHONEOS_DEPLOYMENT_TARGET = 9.2;
				MTL_ENABLE_DEBUG_INFO = NO;
				SDKROOT = iphoneos;
				TARGETED_DEVICE_FAMILY = "1,2";
				VALIDATE_PRODUCT = YES;
			};
			name = Release;
		};
		79D99BCE1C8348C70015131E /* Debug */ = {
			isa = XCBuildConfiguration;
			buildSettings = {
				ASSETCATALOG_COMPILER_APPICON_NAME = AppIcon;
				FRAMEWORK_SEARCH_PATHS = (
					"$(inherited)",
					"$(PROJECT_DIR)/Carthage/Build/iOS",
				);
				INFOPLIST_FILE = Pastel/Info.plist;
				LD_RUNPATH_SEARCH_PATHS = "$(inherited) @executable_path/Frameworks";
				PRODUCT_BUNDLE_IDENTIFIER = "com.sendyhalim.Pastel-iOS";
				PRODUCT_NAME = "$(TARGET_NAME)";
			};
			name = Debug;
		};
		79D99BCF1C8348C70015131E /* Release */ = {
			isa = XCBuildConfiguration;
			buildSettings = {
				ASSETCATALOG_COMPILER_APPICON_NAME = AppIcon;
				FRAMEWORK_SEARCH_PATHS = (
					"$(inherited)",
					"$(PROJECT_DIR)/Carthage/Build/iOS",
				);
				INFOPLIST_FILE = Pastel/Info.plist;
				LD_RUNPATH_SEARCH_PATHS = "$(inherited) @executable_path/Frameworks";
				PRODUCT_BUNDLE_IDENTIFIER = "com.sendyhalim.Pastel-iOS";
				PRODUCT_NAME = "$(TARGET_NAME)";
			};
			name = Release;
		};
		79D99BD11C8348C70015131E /* Debug */ = {
			isa = XCBuildConfiguration;
			buildSettings = {
				BUNDLE_LOADER = "$(TEST_HOST)";
				INFOPLIST_FILE = PastelTests/Info.plist;
				LD_RUNPATH_SEARCH_PATHS = "$(inherited) @executable_path/Frameworks @loader_path/Frameworks";
				PRODUCT_BUNDLE_IDENTIFIER = com.sendyhalim.PastelTests;
				PRODUCT_NAME = "$(TARGET_NAME)";
				TEST_HOST = "$(BUILT_PRODUCTS_DIR)/Pastel.app/Pastel";
			};
			name = Debug;
		};
		79D99BD21C8348C70015131E /* Release */ = {
			isa = XCBuildConfiguration;
			buildSettings = {
				BUNDLE_LOADER = "$(TEST_HOST)";
				INFOPLIST_FILE = PastelTests/Info.plist;
				LD_RUNPATH_SEARCH_PATHS = "$(inherited) @executable_path/Frameworks @loader_path/Frameworks";
				PRODUCT_BUNDLE_IDENTIFIER = com.sendyhalim.PastelTests;
				PRODUCT_NAME = "$(TARGET_NAME)";
				TEST_HOST = "$(BUILT_PRODUCTS_DIR)/Pastel.app/Pastel";
			};
			name = Release;
		};
/* End XCBuildConfiguration section */

/* Begin XCConfigurationList section */
		79D99BAB1C8348C70015131E /* Build configuration list for PBXProject "Pastel" */ = {
			isa = XCConfigurationList;
			buildConfigurations = (
				79D99BCB1C8348C70015131E /* Debug */,
				79D99BCC1C8348C70015131E /* Release */,
			);
			defaultConfigurationIsVisible = 0;
			defaultConfigurationName = Release;
		};
		79D99BCD1C8348C70015131E /* Build configuration list for PBXNativeTarget "Pastel" */ = {
			isa = XCConfigurationList;
			buildConfigurations = (
				79D99BCE1C8348C70015131E /* Debug */,
				79D99BCF1C8348C70015131E /* Release */,
			);
			defaultConfigurationIsVisible = 0;
			defaultConfigurationName = Release;
		};
		79D99BD01C8348C70015131E /* Build configuration list for PBXNativeTarget "PastelTests" */ = {
			isa = XCConfigurationList;
			buildConfigurations = (
				79D99BD11C8348C70015131E /* Debug */,
				79D99BD21C8348C70015131E /* Release */,
			);
			defaultConfigurationIsVisible = 0;
			defaultConfigurationName = Release;
		};
/* End XCConfigurationList section */
	};
	rootObject = 79D99BA81C8348C70015131E /* Project object */;
}
